
Microsoft Visual Studio Solution File, Format Version 12.00
# Visual Studio Version 16
VisualStudioVersion = 16.0.35229.62
MinimumVisualStudioVersion = 10.0.40219.1
Project("{FAE04EC0-301F-11D3-BF4B-00C04F79EFBC}") = "MailSender", "MailSender\MailSender.csproj", "{269D682B-AF46-4B4D-82D7-C64AEF0DDA1A}"
EndProject
Global
	GlobalSection(SolutionConfigurationPlatforms) = preSolution
		Debug|Any CPU = Debug|Any CPU
		Release|Any CPU = Release|Any CPU
	EndGlobalSection
	GlobalSection(ProjectConfigurationPlatforms) = postSolution
		{269D682B-AF46-4B4D-82D7-C64AEF0DDA1A}.Debug|Any CPU.ActiveCfg = Debug|Any CPU
		{269D682B-AF46-4B4D-82D7-C64AEF0DDA1A}.Debug|Any CPU.Build.0 = Debug|Any CPU
		{269D682B-AF46-4B4D-82D7-C64AEF0DDA1A}.Release|Any CPU.ActiveCfg = Release|Any CPU
		{269D682B-AF46-4B4D-82D7-C64AEF0DDA1A}.Release|Any CPU.Build.0 = Release|Any CPU
	EndGlobalSection
	GlobalSection(SolutionProperties) = preSolution
		HideSolutionNode = FALSE
	EndGlobalSection
	GlobalSection(ExtensibilityGlobals) = postSolution
		SolutionGuid = {29B658A5-BB6F-4223-81BC-3C658166F9D9}
	EndGlobalSection
EndGlobal
